github.com/PoiXson/pxnWelder/weld v0.0.0-20250716073209-d16685a3b901 h1:7/GbkTBS9V2a4oGZcAthGLSaS7Tv9yCnqJJEfaeHU4c=
github.com/PoiXson/pxnWelder/weld v0.0.0-20250716073209-d16685a3b901/go.mod h1:W1Iu1DK1Qmb2LlO0qGYc9agWrjCsL4U05HiNlLepA1Y=
gopkg.in/check.v1 v0.0.0-20161208181325-20d25e280405 h1:yhCVgyC4o1eVCa2tZl7eS0r+SDo693bJlVdllGtEeKM=
gopkg.in/check.v1 v0.0.0-20161208181325-20d25e280405/go.mod h1:Co6ibVJAznAaIkqp8huTwlJQCZ016jof/cbN4VW5Yz0=
gopkg.in/yaml.v2 v2.4.0 h1:D8xgwECY7CYvx+Y2n4sBz93Jn9JRvxdiyyo8CTfuKaY=
gopkg.in/yaml.v2 v2.4.0/go.mod h1:RDklbk79AGWmwhnvt/jBztapEOGDOx6ZbXqjP6csGnQ=
