github.com/PoiXson/pxnGoCommon/service v0.0.0-20250709000515-80ab501e6ea7 h1:RtN2UnsinGjK7bdEF1PeLSyTlu7vjmbeaclMkmfuTPo=
github.com/PoiXson/pxnGoCommon/service v0.0.0-20250709000515-80ab501e6ea7/go.mod h1:hfWWaZfpDIqpkIWO6wyrUJ3hfa329TFT3RXoad9ejho=
github.com/PoiXson/pxnGoCommon/utils v0.0.0-20250709000515-80ab501e6ea7 h1:+2tUL450LWEMfyv2Oroysur3+n0mxM3rJlLRU9dFwrY=
github.com/PoiXson/pxnGoCommon/utils v0.0.0-20250709000515-80ab501e6ea7/go.mod h1:63+q5tY1gKOPMKcowUgS91M7M2oUMD4det8M3ygvWV8=
github.com/davecgh/go-spew v1.1.1 h1:vj9j/u1bqnvCEfJOwUhtlOARqs3+rkHYY13jYWTU97c=
github.com/davecgh/go-spew v1.1.1/go.mod h1:J7Y8YcW2NihsgmVo/mv3lAwl/skON4iLHjSsI+c5H38=
github.com/golang-collections/collections v0.0.0-20130729185459-604e922904d3 h1:zN2lZNZRflqFyxVaTIU61KNKQ9C0055u9CAfpmqUvo4=
github.com/golang-collections/collections v0.0.0-20130729185459-604e922904d3/go.mod h1:nPpo7qLxd6XL3hWJG/O60sR8ZKfMCiIoNap5GvD12KU=
github.com/hayageek/threadsafe v1.0.1 h1:QTMJrninAaGQE7+CYdJWPzTlnhcBPwhxD5GDdvIf5oU=
github.com/hayageek/threadsafe v1.0.1/go.mod h1:Uhu/endHEMkw2SsIk1I4xYTGTnWvuGhWOBPIFWO+mPk=
github.com/pmezard/go-difflib v1.0.0 h1:4DBwDE0NGyQoBHbLQYPwSUPoCMWR5BEzIk/f1lZbAQM=
github.com/pmezard/go-difflib v1.0.0/go.mod h1:iKH77koFhYxTK1pcRnkKkqfTogsbg7gZNVY4sRDYZ/4=
github.com/stretchr/testify v1.10.0 h1:Xv5erBjTwe/5IxqUQTdXv5kgmIvbHo3QQyRwhJsOfJA=
github.com/stretchr/testify v1.10.0/go.mod h1:r2ic/lqez/lEtzL7wO/rwa5dbSLXVDPFyf8C91i36aY=
gopkg.in/check.v1 v0.0.0-20161208181325-20d25e280405 h1:yhCVgyC4o1eVCa2tZl7eS0r+SDo693bJlVdllGtEeKM=
gopkg.in/check.v1 v0.0.0-20161208181325-20d25e280405/go.mod h1:Co6ibVJAznAaIkqp8huTwlJQCZ016jof/cbN4VW5Yz0=
gopkg.in/yaml.v2 v2.4.0 h1:D8xgwECY7CYvx+Y2n4sBz93Jn9JRvxdiyyo8CTfuKaY=
gopkg.in/yaml.v2 v2.4.0/go.mod h1:RDklbk79AGWmwhnvt/jBztapEOGDOx6ZbXqjP6csGnQ=
gopkg.in/yaml.v3 v3.0.1 h1:fxVm/GzAzEWqLHuvctI91KS9hhNmmWOoWu0XTYJS7CA=
gopkg.in/yaml.v3 v3.0.1/go.mod h1:K4uyk7z7BCEPqu6E+C64Yfv1cQ7kz7rIZviUmN+EgEM=
